
Microsoft Visual Studio Solution File, Format Version 12.00
# Visual Studio Version 16
VisualStudioVersion = 16.0.31321.278
MinimumVisualStudioVersion = 10.0.40219.1
Project("{9A19103F-16F7-4668-BE54-9A1E7A4F7556}") = "CMS", "CMS\CMS.csproj", "{7B439B90-9B73-476B-B9B1-B9B17565EDB2}"
EndProject
Global
	GlobalSection(SolutionConfigurationPlatforms) = preSolution
		Debug|Any CPU = Debug|Any CPU
		Release|Any CPU = Release|Any CPU
	EndGlobalSection
	GlobalSection(ProjectConfigurationPlatforms) = postSolution
		{7B439B90-9B73-476B-B9B1-B9B17565EDB2}.Debug|Any CPU.ActiveCfg = Debug|Any CPU
		{7B439B90-9B73-476B-B9B1-B9B17565EDB2}.Debug|Any CPU.Build.0 = Debug|Any CPU
		{7B439B90-9B73-476B-B9B1-B9B17565EDB2}.Release|Any CPU.ActiveCfg = Release|Any CPU
		{7B439B90-9B73-476B-B9B1-B9B17565EDB2}.Release|Any CPU.Build.0 = Release|Any CPU
	EndGlobalSection
	GlobalSection(SolutionProperties) = preSolution
		HideSolutionNode = FALSE
	EndGlobalSection
	GlobalSection(ExtensibilityGlobals) = postSolution
		SolutionGuid = {6AE66D22-8EFA-43C0-B772-5E2D1A17A6C9}
	EndGlobalSection
EndGlobal
